
Microsoft Visual Studio Solution File, Format Version 12.00
# Visual Studio Version 16
VisualStudioVersion = 16.0.33130.400
MinimumVisualStudioVersion = 10.0.40219.1
Project("{FAE04EC0-301F-11D3-BF4B-00C04F79EFBC}") = "QuanLyBaiHat", "QuanLyBaiHat\QuanLyBaiHat.csproj", "{884E60DA-4A37-455D-9494-7ED3351183A4}"
EndProject
Global
	GlobalSection(SolutionConfigurationPlatforms) = preSolution
		Debug|Any CPU = Debug|Any CPU
		Release|Any CPU = Release|Any CPU
	EndGlobalSection
	GlobalSection(ProjectConfigurationPlatforms) = postSolution
		{884E60DA-4A37-455D-9494-7ED3351183A4}.Debug|Any CPU.ActiveCfg = Debug|Any CPU
		{884E60DA-4A37-455D-9494-7ED3351183A4}.Debug|Any CPU.Build.0 = Debug|Any CPU
		{884E60DA-4A37-455D-9494-7ED3351183A4}.Release|Any CPU.ActiveCfg = Release|Any CPU
		{884E60DA-4A37-455D-9494-7ED3351183A4}.Release|Any CPU.Build.0 = Release|Any CPU
	EndGlobalSection
	GlobalSection(SolutionProperties) = preSolution
		HideSolutionNode = FALSE
	EndGlobalSection
	GlobalSection(ExtensibilityGlobals) = postSolution
		SolutionGuid = {3A44267D-668C-4270-AB54-928EDCBC1D75}
	EndGlobalSection
EndGlobal
